// !$*UTF8*$!
{
	archiveVersion = 1;
	classes = {
	};
	objectVersion = 48;
	objects = {

/* Begin PBXBuildFile section */
		321F58D11FCACA18002046F5 /* LinkedTextField.swift in Sources */ = {isa = PBXBuildFile; fileRef = 321F58D01FCACA18002046F5 /* LinkedTextField.swift */; };
		322242961FC5878800C22965 /* LinkedListViewController.swift in Sources */ = {isa = PBXBuildFile; fileRef = 322242941FC5878800C22965 /* LinkedListViewController.swift */; };
		322242971FC5878800C22965 /* LinkedListViewController.xib in Resources */ = {isa = PBXBuildFile; fileRef = 322242951FC5878800C22965 /* LinkedListViewController.xib */; };
		327579501FC5777800C21CCC /* AppDelegate.swift in Sources */ = {isa = PBXBuildFile; fileRef = 3275794F1FC5777800C21CCC /* AppDelegate.swift */; };
		327579521FC5777800C21CCC /* ViewController.swift in Sources */ = {isa = PBXBuildFile; fileRef = 327579511FC5777800C21CCC /* ViewController.swift */; };
		327579551FC5777800C21CCC /* Main.storyboard in Resources */ = {isa = PBXBuildFile; fileRef = 327579531FC5777800C21CCC /* Main.storyboard */; };
		327579571FC5777800C21CCC /* Assets.xcassets in Resources */ = {isa = PBXBuildFile; fileRef = 327579561FC5777800C21CCC /* Assets.xcassets */; };
		3275795A1FC5777800C21CCC /* LaunchScreen.storyboard in Resources */ = {isa = PBXBuildFile; fileRef = 327579581FC5777800C21CCC /* LaunchScreen.storyboard */; };
		327579621FC577BF00C21CCC /* BaseViewController.swift in Sources */ = {isa = PBXBuildFile; fileRef = 327579611FC577BE00C21CCC /* BaseViewController.swift */; };
		327579661FC57DF600C21CCC /* ViewController.xib in Resources */ = {isa = PBXBuildFile; fileRef = 327579651FC57DF600C21CCC /* ViewController.xib */; };
/* End PBXBuildFile section */

/* Begin PBXFileReference section */
		321F58D01FCACA18002046F5 /* LinkedTextField.swift */ = {isa = PBXFileReference; lastKnownFileType = sourcecode.swift; path = LinkedTextField.swift; sourceTree = "<group>"; };
		322242941FC5878800C22965 /* LinkedListViewController.swift */ = {isa = PBXFileReference; lastKnownFileType = sourcecode.swift; path = LinkedListViewController.swift; sourceTree = "<group>"; };
		322242951FC5878800C22965 /* LinkedListViewController.xib */ = {isa = PBXFileReference; lastKnownFileType = file.xib; path = LinkedListViewController.xib; sourceTree = "<group>"; };
		3275794C1FC5777800C21CCC /* CaseStudy.app */ = {isa = PBXFileReference; explicitFileType = wrapper.application; includeInIndex = 0; path = CaseStudy.app; sourceTree = BUILT_PRODUCTS_DIR; };
		3275794F1FC5777800C21CCC /* AppDelegate.swift */ = {isa = PBXFileReference; lastKnownFileType = sourcecode.swift; path = AppDelegate.swift; sourceTree = "<group>"; };
		327579511FC5777800C21CCC /* ViewController.swift */ = {isa = PBXFileReference; lastKnownFileType = sourcecode.swift; path = ViewController.swift; sourceTree = "<group>"; };
		327579541FC5777800C21CCC /* Base */ = {isa = PBXFileReference; lastKnownFileType = file.storyboard; name = Base; path = Base.lproj/Main.storyboard; sourceTree = "<group>"; };
		327579561FC5777800C21CCC /* Assets.xcassets */ = {isa = PBXFileReference; lastKnownFileType = folder.assetcatalog; path = Assets.xcassets; sourceTree = "<group>"; };
		327579591FC5777800C21CCC /* Base */ = {isa = PBXFileReference; lastKnownFileType = file.storyboard; name = Base; path = Base.lproj/LaunchScreen.storyboard; sourceTree = "<group>"; };
		3275795B1FC5777800C21CCC /* Info.plist */ = {isa = PBXFileReference; lastKnownFileType = text.plist.xml; path = Info.plist; sourceTree = "<group>"; };
		327579611FC577BE00C21CCC /* BaseViewController.swift */ = {isa = PBXFileReference; lastKnownFileType = sourcecode.swift; path = BaseViewController.swift; sourceTree = "<group>"; };
		327579651FC57DF600C21CCC /* ViewController.xib */ = {isa = PBXFileReference; fileEncoding = 4; lastKnownFileType = file.xib; path = ViewController.xib; sourceTree = "<group>"; };
/* End PBXFileReference section */

/* Begin PBXFrameworksBuildPhase section */
		327579491FC5777800C21CCC /* Frameworks */ = {
			isa = PBXFrameworksBuildPhase;
			buildActionMask = 2147483647;
			files = (
			);
			runOnlyForDeploymentPostprocessing = 0;
		};
/* End PBXFrameworksBuildPhase section */

/* Begin PBXGroup section */
		327579431FC5777800C21CCC = {
			isa = PBXGroup;
			children = (
				3275794E1FC5777800C21CCC /* CaseStudy */,
				3275794D1FC5777800C21CCC /* Products */,
			);
			sourceTree = "<group>";
		};
		3275794D1FC5777800C21CCC /* Products */ = {
			isa = PBXGroup;
			children = (
				3275794C1FC5777800C21CCC /* CaseStudy.app */,
			);
			name = Products;
			sourceTree = "<group>";
		};
		3275794E1FC5777800C21CCC /* CaseStudy */ = {
			isa = PBXGroup;
			children = (
				3275794F1FC5777800C21CCC /* AppDelegate.swift */,
				327579611FC577BE00C21CCC /* BaseViewController.swift */,
				327579511FC5777800C21CCC /* ViewController.swift */,
				327579651FC57DF600C21CCC /* ViewController.xib */,
				322242941FC5878800C22965 /* LinkedListViewController.swift */,
				322242951FC5878800C22965 /* LinkedListViewController.xib */,
				321F58D01FCACA18002046F5 /* LinkedTextField.swift */,
				327579531FC5777800C21CCC /* Main.storyboard */,
				327579561FC5777800C21CCC /* Assets.xcassets */,
				327579581FC5777800C21CCC /* LaunchScreen.storyboard */,
				3275795B1FC5777800C21CCC /* Info.plist */,
			);
			path = CaseStudy;
			sourceTree = "<group>";
		};
/* End PBXGroup section */

/* Begin PBXNativeTarget section */
		3275794B1FC5777800C21CCC /* CaseStudy */ = {
			isa = PBXNativeTarget;
			buildConfigurationList = 3275795E1FC5777800C21CCC /* Build configuration list for PBXNativeTarget "CaseStudy" */;
			buildPhases = (
				327579481FC5777800C21CCC /* Sources */,
				327579491FC5777800C21CCC /* Frameworks */,
				3275794A1FC5777800C21CCC /* Resources */,
			);
			buildRules = (
			);
			dependencies = (
			);
			name = CaseStudy;
			productName = CaseStudy;
			productReference = 3275794C1FC5777800C21CCC /* CaseStudy.app */;
			productType = "com.apple.product-type.application";
		};
/* End PBXNativeTarget section */

/* Begin PBXProject section */
		327579441FC5777800C21CCC /* Project object */ = {
			isa = PBXProject;
			attributes = {
				LastSwiftUpdateCheck = 0910;
				LastUpgradeCheck = 0910;
				ORGANIZATIONNAME = "Developer Institute";
				TargetAttributes = {
					3275794B1FC5777800C21CCC = {
						CreatedOnToolsVersion = 9.1;
						ProvisioningStyle = Automatic;
					};
				};
			};
			buildConfigurationList = 327579471FC5777800C21CCC /* Build configuration list for PBXProject "CaseStudy" */;
			compatibilityVersion = "Xcode 8.0";
			developmentRegion = en;
			hasScannedForEncodings = 0;
			knownRegions = (
				en,
				Base,
			);
			mainGroup = 327579431FC5777800C21CCC;
			productRefGroup = 3275794D1FC5777800C21CCC /* Products */;
			projectDirPath = "";
			projectRoot = "";
			targets = (
				3275794B1FC5777800C21CCC /* CaseStudy */,
			);
		};
/* End PBXProject section */

/* Begin PBXResourcesBuildPhase section */
		3275794A1FC5777800C21CCC /* Resources */ = {
			isa = PBXResourcesBuildPhase;
			buildActionMask = 2147483647;
			files = (
				3275795A1FC5777800C21CCC /* LaunchScreen.storyboard in Resources */,
				322242971FC5878800C22965 /* LinkedListViewController.xib in Resources */,
				327579571FC5777800C21CCC /* Assets.xcassets in Resources */,
				327579661FC57DF600C21CCC /* ViewController.xib in Resources */,
				327579551FC5777800C21CCC /* Main.storyboard in Resources */,
			);
			runOnlyForDeploymentPostprocessing = 0;
		};
/* End PBXResourcesBuildPhase section */

/* Begin PBXSourcesBuildPhase section */
		327579481FC5777800C21CCC /* Sources */ = {
			isa = PBXSourcesBuildPhase;
			buildActionMask = 2147483647;
			files = (
				321F58D11FCACA18002046F5 /* LinkedTextField.swift in Sources */,
				327579521FC5777800C21CCC /* ViewController.swift in Sources */,
				327579501FC5777800C21CCC /* AppDelegate.swift in Sources */,
				327579621FC577BF00C21CCC /* BaseViewController.swift in Sources */,
				322242961FC5878800C22965 /* LinkedListViewController.swift in Sources */,
			);
			runOnlyForDeploymentPostprocessing = 0;
		};
/* End PBXSourcesBuildPhase section */

/* Begin PBXVariantGroup section */
		327579531FC5777800C21CCC /* Main.storyboard */ = {
			isa = PBXVariantGroup;
			children = (
				327579541FC5777800C21CCC /* Base */,
			);
			name = Main.storyboard;
			sourceTree = "<group>";
		};
		327579581FC5777800C21CCC /* LaunchScreen.storyboard */ = {
			isa = PBXVariantGroup;
			children = (
				327579591FC5777800C21CCC /* Base */,
			);
			name = LaunchScreen.storyboard;
			sourceTree = "<group>";
		};
/* End PBXVariantGroup section */

/* Begin XCBuildConfiguration section */
		3275795C1FC5777800C21CCC /* Debug */ = {
			isa = XCBuildConfiguration;
			buildSettings = {
				ALWAYS_SEARCH_USER_PATHS = NO;
				CLANG_ANALYZER_NONNULL = YES;
				CLANG_ANALYZER_NUMBER_OBJECT_CONVERSION = YES_AGGRESSIVE;
				CLANG_CXX_LANGUAGE_STANDARD = "gnu++14";
				CLANG_CXX_LIBRARY = "libc++";
				CLANG_ENABLE_MODULES = YES;
				CLANG_ENABLE_OBJC_ARC = YES;
				CLANG_WARN_BLOCK_CAPTURE_AUTORELEASING = YES;
				CLANG_WARN_BOOL_CONVERSION = YES;
				CLANG_WARN_COMMA = YES;
				CLANG_WARN_CONSTANT_CONVERSION = YES;
				CLANG_WARN_DIRECT_OBJC_ISA_USAGE = YES_ERROR;
				CLANG_WARN_DOCUMENTATION_COMMENTS = YES;
				CLANG_WARN_EMPTY_BODY = YES;
				CLANG_WARN_ENUM_CONVERSION = YES;
				CLANG_WARN_INFINITE_RECURSION = YES;
				CLANG_WARN_INT_CONVERSION = YES;
				CLANG_WARN_NON_LITERAL_NULL_CONVERSION = YES;
				CLANG_WARN_OBJC_LITERAL_CONVERSION = YES;
				CLANG_WARN_OBJC_ROOT_CLASS = YES_ERROR;
				CLANG_WARN_RANGE_LOOP_ANALYSIS = YES;
				CLANG_WARN_STRICT_PROTOTYPES = YES;
				CLANG_WARN_SUSPICIOUS_MOVE = YES;
				CLANG_WARN_UNGUARDED_AVAILABILITY = YES_AGGRESSIVE;
				CLANG_WARN_UNREACHABLE_CODE = YES;
				CLANG_WARN__DUPLICATE_METHOD_MATCH = YES;
				CODE_SIGN_IDENTITY = "iPhone Developer";
				COPY_PHASE_STRIP = NO;
				DEBUG_INFORMATION_FORMAT = dwarf;
				ENABLE_STRICT_OBJC_MSGSEND = YES;
				ENABLE_TESTABILITY = YES;
				GCC_C_LANGUAGE_STANDARD = gnu11;
				GCC_DYNAMIC_NO_PIC = NO;
				GCC_NO_COMMON_BLOCKS = YES;
				GCC_OPTIMIZATION_LEVEL = 0;
				GCC_PREPROCESSOR_DEFINITIONS = (
					"DEBUG=1",
					"$(inherited)",
				);
				GCC_WARN_64_TO_32_BIT_CONVERSION = YES;
				GCC_WARN_ABOUT_RETURN_TYPE = YES_ERROR;
				GCC_WARN_UNDECLARED_SELECTOR = YES;
				GCC_WARN_UNINITIALIZED_AUTOS = YES_AGGRESSIVE;
				GCC_WARN_UNUSED_FUNCTION = YES;
				GCC_WARN_UNUSED_VARIABLE = YES;
				IPHONEOS_DEPLOYMENT_TARGET = 11.1;
				MTL_ENABLE_DEBUG_INFO = YES;
				ONLY_ACTIVE_ARCH = YES;
				SDKROOT = iphoneos;
				SWIFT_ACTIVE_COMPILATION_CONDITIONS = DEBUG;
				SWIFT_OPTIMIZATION_LEVEL = "-Onone";
			};
			name = Debug;
		};
		3275795D1FC5777800C21CCC /* Release */ = {
			isa = XCBuildConfiguration;
			buildSettings = {
				ALWAYS_SEARCH_USER_PATHS = NO;
				CLANG_ANALYZER_NONNULL = YES;
				CLANG_ANALYZER_NUMBER_OBJECT_CONVERSION = YES_AGGRESSIVE;
				CLANG_CXX_LANGUAGE_STANDARD = "gnu++14";
				CLANG_CXX_LIBRARY = "libc++";
				CLANG_ENABLE_MODULES = YES;
				CLANG_ENABLE_OBJC_ARC = YES;
				CLANG_WARN_BLOCK_CAPTURE_AUTORELEASING = YES;
				CLANG_WARN_BOOL_CONVERSION = YES;
				CLANG_WARN_COMMA = YES;
				CLANG_WARN_CONSTANT_CONVERSION = YES;
				CLANG_WARN_DIRECT_OBJC_ISA_USAGE = YES_ERROR;
				CLANG_WARN_DOCUMENTATION_COMMENTS = YES;
				CLANG_WARN_EMPTY_BODY = YES;
				CLANG_WARN_ENUM_CONVERSION = YES;
				CLANG_WARN_INFINITE_RECURSION = YES;
				CLANG_WARN_INT_CONVERSION = YES;
				CLANG_WARN_NON_LITERAL_NULL_CONVERSION = YES;
				CLANG_WARN_OBJC_LITERAL_CONVERSION = YES;
				CLANG_WARN_OBJC_ROOT_CLASS = YES_ERROR;
				CLANG_WARN_RANGE_LOOP_ANALYSIS = YES;
				CLANG_WARN_STRICT_PROTOTYPES = YES;
				CLANG_WARN_SUSPICIOUS_MOVE = YES;
				CLANG_WARN_UNGUARDED_AVAILABILITY = YES_AGGRESSIVE;
				CLANG_WARN_UNREACHABLE_CODE = YES;
				CLANG_WARN__DUPLICATE_METHOD_MATCH = YES;
				CODE_SIGN_IDENTITY = "iPhone Developer";
				COPY_PHASE_STRIP = NO;
				DEBUG_INFORMATION_FORMAT = "dwarf-with-dsym";
				ENABLE_NS_ASSERTIONS = NO;
				ENABLE_STRICT_OBJC_MSGSEND = YES;
				GCC_C_LANGUAGE_STANDARD = gnu11;
				GCC_NO_COMMON_BLOCKS = YES;
				GCC_WARN_64_TO_32_BIT_CONVERSION = YES;
				GCC_WARN_ABOUT_RETURN_TYPE = YES_ERROR;
				GCC_WARN_UNDECLARED_SELECTOR = YES;
				GCC_WARN_UNINITIALIZED_AUTOS = YES_AGGRESSIVE;
				GCC_WARN_UNUSED_FUNCTION = YES;
				GCC_WARN_UNUSED_VARIABLE = YES;
				IPHONEOS_DEPLOYMENT_TARGET = 11.1;
				MTL_ENABLE_DEBUG_INFO = NO;
				SDKROOT = iphoneos;
				SWIFT_OPTIMIZATION_LEVEL = "-Owholemodule";
				VALIDATE_PRODUCT = YES;
			};
			name = Release;
		};
		3275795F1FC5777800C21CCC /* Debug */ = {
			isa = XCBuildConfiguration;
			buildSettings = {
				ASSETCATALOG_COMPILER_APPICON_NAME = AppIcon;
				CODE_SIGN_STYLE = Automatic;
				INFOPLIST_FILE = CaseStudy/Info.plist;
				IPHONEOS_DEPLOYMENT_TARGET = 11.0;
				LD_RUNPATH_SEARCH_PATHS = "$(inherited) @executable_path/Frameworks";
				PRODUCT_BUNDLE_IDENTIFIER = institute.developer.CaseStudy;
				PRODUCT_NAME = "$(TARGET_NAME)";
				SWIFT_VERSION = 4.0;
				TARGETED_DEVICE_FAMILY = "1,2";
			};
			name = Debug;
		};
		327579601FC5777800C21CCC /* Release */ = {
			isa = XCBuildConfiguration;
			buildSettings = {
				ASSETCATALOG_COMPILER_APPICON_NAME = AppIcon;
				CODE_SIGN_STYLE = Automatic;
				INFOPLIST_FILE = CaseStudy/Info.plist;
				IPHONEOS_DEPLOYMENT_TARGET = 11.0;
				LD_RUNPATH_SEARCH_PATHS = "$(inherited) @executable_path/Frameworks";
				PRODUCT_BUNDLE_IDENTIFIER = institute.developer.CaseStudy;
				PRODUCT_NAME = "$(TARGET_NAME)";
				SWIFT_VERSION = 4.0;
				TARGETED_DEVICE_FAMILY = "1,2";
			};
			name = Release;
		};
/* End XCBuildConfiguration section */

/* Begin XCConfigurationList section */
		327579471FC5777800C21CCC /* Build configuration list for PBXProject "CaseStudy" */ = {
			isa = XCConfigurationList;
			buildConfigurations = (
				3275795C1FC5777800C21CCC /* Debug */,
				3275795D1FC5777800C21CCC /* Release */,
			);
			defaultConfigurationIsVisible = 0;
			defaultConfigurationName = Release;
		};
		3275795E1FC5777800C21CCC /* Build configuration list for PBXNativeTarget "CaseStudy" */ = {
			isa = XCConfigurationList;
			buildConfigurations = (
				3275795F1FC5777800C21CCC /* Debug */,
				327579601FC5777800C21CCC /* Release */,
			);
			defaultConfigurationIsVisible = 0;
			defaultConfigurationName = Release;
		};
/* End XCConfigurationList section */
	};
	rootObject = 327579441FC5777800C21CCC /* Project object */;
}
