// !$*UTF8*$!
{
	archiveVersion = 1;
	classes = {
	};
	objectVersion = 48;
	objects = {

/* Begin PBXBuildFile section */
		97614FCF1FD546DD0006ED1D /* AppDelegate.swift in Sources */ = {isa = PBXBuildFile; fileRef = 97614FCE1FD546DD0006ED1D /* AppDelegate.swift */; };
		97614FD11FD546DD0006ED1D /* ViewController.swift in Sources */ = {isa = PBXBuildFile; fileRef = 97614FD01FD546DD0006ED1D /* ViewController.swift */; };
		97614FD41FD546DD0006ED1D /* Main.storyboard in Resources */ = {isa = PBXBuildFile; fileRef = 97614FD21FD546DD0006ED1D /* Main.storyboard */; };
		97614FD61FD546DD0006ED1D /* Assets.xcassets in Resources */ = {isa = PBXBuildFile; fileRef = 97614FD51FD546DD0006ED1D /* Assets.xcassets */; };
		97614FD91FD546DD0006ED1D /* LaunchScreen.storyboard in Resources */ = {isa = PBXBuildFile; fileRef = 97614FD71FD546DD0006ED1D /* LaunchScreen.storyboard */; };
/* End PBXBuildFile section */

/* Begin PBXFileReference section */
		97614FCB1FD546DD0006ED1D /* SystemControllerExemple.app */ = {isa = PBXFileReference; explicitFileType = wrapper.application; includeInIndex = 0; path = SystemControllerExemple.app; sourceTree = BUILT_PRODUCTS_DIR; };
		97614FCE1FD546DD0006ED1D /* AppDelegate.swift */ = {isa = PBXFileReference; lastKnownFileType = sourcecode.swift; path = AppDelegate.swift; sourceTree = "<group>"; };
		97614FD01FD546DD0006ED1D /* ViewController.swift */ = {isa = PBXFileReference; lastKnownFileType = sourcecode.swift; path = ViewController.swift; sourceTree = "<group>"; };
		97614FD31FD546DD0006ED1D /* Base */ = {isa = PBXFileReference; lastKnownFileType = file.storyboard; name = Base; path = Base.lproj/Main.storyboard; sourceTree = "<group>"; };
		97614FD51FD546DD0006ED1D /* Assets.xcassets */ = {isa = PBXFileReference; lastKnownFileType = folder.assetcatalog; path = Assets.xcassets; sourceTree = "<group>"; };
		97614FD81FD546DD0006ED1D /* Base */ = {isa = PBXFileReference; lastKnownFileType = file.storyboard; name = Base; path = Base.lproj/LaunchScreen.storyboard; sourceTree = "<group>"; };
		97614FDA1FD546DD0006ED1D /* Info.plist */ = {isa = PBXFileReference; lastKnownFileType = text.plist.xml; path = Info.plist; sourceTree = "<group>"; };
/* End PBXFileReference section */

/* Begin PBXFrameworksBuildPhase section */
		97614FC81FD546DD0006ED1D /* Frameworks */ = {
			isa = PBXFrameworksBuildPhase;
			buildActionMask = 2147483647;
			files = (
			);
			runOnlyForDeploymentPostprocessing = 0;
		};
/* End PBXFrameworksBuildPhase section */

/* Begin PBXGroup section */
		97614FC21FD546DD0006ED1D = {
			isa = PBXGroup;
			children = (
				97614FCD1FD546DD0006ED1D /* SystemControllerExemple */,
				97614FCC1FD546DD0006ED1D /* Products */,
			);
			sourceTree = "<group>";
		};
		97614FCC1FD546DD0006ED1D /* Products */ = {
			isa = PBXGroup;
			children = (
				97614FCB1FD546DD0006ED1D /* SystemControllerExemple.app */,
			);
			name = Products;
			sourceTree = "<group>";
		};
		97614FCD1FD546DD0006ED1D /* SystemControllerExemple */ = {
			isa = PBXGroup;
			children = (
				97614FCE1FD546DD0006ED1D /* AppDelegate.swift */,
				97614FD01FD546DD0006ED1D /* ViewController.swift */,
				97614FD21FD546DD0006ED1D /* Main.storyboard */,
				97614FD51FD546DD0006ED1D /* Assets.xcassets */,
				97614FD71FD546DD0006ED1D /* LaunchScreen.storyboard */,
				97614FDA1FD546DD0006ED1D /* Info.plist */,
			);
			path = SystemControllerExemple;
			sourceTree = "<group>";
		};
/* End PBXGroup section */

/* Begin PBXNativeTarget section */
		97614FCA1FD546DD0006ED1D /* SystemControllerExemple */ = {
			isa = PBXNativeTarget;
			buildConfigurationList = 97614FDD1FD546DD0006ED1D /* Build configuration list for PBXNativeTarget "SystemControllerExemple" */;
			buildPhases = (
				97614FC71FD546DD0006ED1D /* Sources */,
				97614FC81FD546DD0006ED1D /* Frameworks */,
				97614FC91FD546DD0006ED1D /* Resources */,
			);
			buildRules = (
			);
			dependencies = (
			);
			name = SystemControllerExemple;
			productName = SystemControllerExemple;
			productReference = 97614FCB1FD546DD0006ED1D /* SystemControllerExemple.app */;
			productType = "com.apple.product-type.application";
		};
/* End PBXNativeTarget section */

/* Begin PBXProject section */
		97614FC31FD546DD0006ED1D /* Project object */ = {
			isa = PBXProject;
			attributes = {
				LastSwiftUpdateCheck = 0900;
				LastUpgradeCheck = 0900;
				ORGANIZATIONNAME = steph;
				TargetAttributes = {
					97614FCA1FD546DD0006ED1D = {
						CreatedOnToolsVersion = 9.0;
						ProvisioningStyle = Automatic;
					};
				};
			};
			buildConfigurationList = 97614FC61FD546DD0006ED1D /* Build configuration list for PBXProject "SystemControllerExemple" */;
			compatibilityVersion = "Xcode 8.0";
			developmentRegion = en;
			hasScannedForEncodings = 0;
			knownRegions = (
				en,
				Base,
			);
			mainGroup = 97614FC21FD546DD0006ED1D;
			productRefGroup = 97614FCC1FD546DD0006ED1D /* Products */;
			projectDirPath = "";
			projectRoot = "";
			targets = (
				97614FCA1FD546DD0006ED1D /* SystemControllerExemple */,
			);
		};
/* End PBXProject section */

/* Begin PBXResourcesBuildPhase section */
		97614FC91FD546DD0006ED1D /* Resources */ = {
			isa = PBXResourcesBuildPhase;
			buildActionMask = 2147483647;
			files = (
				97614FD91FD546DD0006ED1D /* LaunchScreen.storyboard in Resources */,
				97614FD61FD546DD0006ED1D /* Assets.xcassets in Resources */,
				97614FD41FD546DD0006ED1D /* Main.storyboard in Resources */,
			);
			runOnlyForDeploymentPostprocessing = 0;
		};
/* End PBXResourcesBuildPhase section */

/* Begin PBXSourcesBuildPhase section */
		97614FC71FD546DD0006ED1D /* Sources */ = {
			isa = PBXSourcesBuildPhase;
			buildActionMask = 2147483647;
			files = (
				97614FD11FD546DD0006ED1D /* ViewController.swift in Sources */,
				97614FCF1FD546DD0006ED1D /* AppDelegate.swift in Sources */,
			);
			runOnlyForDeploymentPostprocessing = 0;
		};
/* End PBXSourcesBuildPhase section */

/* Begin PBXVariantGroup section */
		97614FD21FD546DD0006ED1D /* Main.storyboard */ = {
			isa = PBXVariantGroup;
			children = (
				97614FD31FD546DD0006ED1D /* Base */,
			);
			name = Main.storyboard;
			sourceTree = "<group>";
		};
		97614FD71FD546DD0006ED1D /* LaunchScreen.storyboard */ = {
			isa = PBXVariantGroup;
			children = (
				97614FD81FD546DD0006ED1D /* Base */,
			);
			name = LaunchScreen.storyboard;
			sourceTree = "<group>";
		};
/* End PBXVariantGroup section */

/* Begin XCBuildConfiguration section */
		97614FDB1FD546DD0006ED1D /* Debug */ = {
			isa = XCBuildConfiguration;
			buildSettings = {
				ALWAYS_SEARCH_USER_PATHS = NO;
				CLANG_ANALYZER_NONNULL = YES;
				CLANG_ANALYZER_NUMBER_OBJECT_CONVERSION = YES_AGGRESSIVE;
				CLANG_CXX_LANGUAGE_STANDARD = "gnu++14";
				CLANG_CXX_LIBRARY = "libc++";
				CLANG_ENABLE_MODULES = YES;
				CLANG_ENABLE_OBJC_ARC = YES;
				CLANG_WARN_BLOCK_CAPTURE_AUTORELEASING = YES;
				CLANG_WARN_BOOL_CONVERSION = YES;
				CLANG_WARN_COMMA = YES;
				CLANG_WARN_CONSTANT_CONVERSION = YES;
				CLANG_WARN_DIRECT_OBJC_ISA_USAGE = YES_ERROR;
				CLANG_WARN_DOCUMENTATION_COMMENTS = YES;
				CLANG_WARN_EMPTY_BODY = YES;
				CLANG_WARN_ENUM_CONVERSION = YES;
				CLANG_WARN_INFINITE_RECURSION = YES;
				CLANG_WARN_INT_CONVERSION = YES;
				CLANG_WARN_NON_LITERAL_NULL_CONVERSION = YES;
				CLANG_WARN_OBJC_LITERAL_CONVERSION = YES;
				CLANG_WARN_OBJC_ROOT_CLASS = YES_ERROR;
				CLANG_WARN_RANGE_LOOP_ANALYSIS = YES;
				CLANG_WARN_STRICT_PROTOTYPES = YES;
				CLANG_WARN_SUSPICIOUS_MOVE = YES;
				CLANG_WARN_UNGUARDED_AVAILABILITY = YES_AGGRESSIVE;
				CLANG_WARN_UNREACHABLE_CODE = YES;
				CLANG_WARN__DUPLICATE_METHOD_MATCH = YES;
				CODE_SIGN_IDENTITY = "iPhone Developer";
				COPY_PHASE_STRIP = NO;
				DEBUG_INFORMATION_FORMAT = dwarf;
				ENABLE_STRICT_OBJC_MSGSEND = YES;
				ENABLE_TESTABILITY = YES;
				GCC_C_LANGUAGE_STANDARD = gnu11;
				GCC_DYNAMIC_NO_PIC = NO;
				GCC_NO_COMMON_BLOCKS = YES;
				GCC_OPTIMIZATION_LEVEL = 0;
				GCC_PREPROCESSOR_DEFINITIONS = (
					"DEBUG=1",
					"$(inherited)",
				);
				GCC_WARN_64_TO_32_BIT_CONVERSION = YES;
				GCC_WARN_ABOUT_RETURN_TYPE = YES_ERROR;
				GCC_WARN_UNDECLARED_SELECTOR = YES;
				GCC_WARN_UNINITIALIZED_AUTOS = YES_AGGRESSIVE;
				GCC_WARN_UNUSED_FUNCTION = YES;
				GCC_WARN_UNUSED_VARIABLE = YES;
				IPHONEOS_DEPLOYMENT_TARGET = 11.0;
				MTL_ENABLE_DEBUG_INFO = YES;
				ONLY_ACTIVE_ARCH = YES;
				SDKROOT = iphoneos;
				SWIFT_ACTIVE_COMPILATION_CONDITIONS = DEBUG;
				SWIFT_OPTIMIZATION_LEVEL = "-Onone";
			};
			name = Debug;
		};
		97614FDC1FD546DD0006ED1D /* Release */ = {
			isa = XCBuildConfiguration;
			buildSettings = {
				ALWAYS_SEARCH_USER_PATHS = NO;
				CLANG_ANALYZER_NONNULL = YES;
				CLANG_ANALYZER_NUMBER_OBJECT_CONVERSION = YES_AGGRESSIVE;
				CLANG_CXX_LANGUAGE_STANDARD = "gnu++14";
				CLANG_CXX_LIBRARY = "libc++";
				CLANG_ENABLE_MODULES = YES;
				CLANG_ENABLE_OBJC_ARC = YES;
				CLANG_WARN_BLOCK_CAPTURE_AUTORELEASING = YES;
				CLANG_WARN_BOOL_CONVERSION = YES;
				CLANG_WARN_COMMA = YES;
				CLANG_WARN_CONSTANT_CONVERSION = YES;
				CLANG_WARN_DIRECT_OBJC_ISA_USAGE = YES_ERROR;
				CLANG_WARN_DOCUMENTATION_COMMENTS = YES;
				CLANG_WARN_EMPTY_BODY = YES;
				CLANG_WARN_ENUM_CONVERSION = YES;
				CLANG_WARN_INFINITE_RECURSION = YES;
				CLANG_WARN_INT_CONVERSION = YES;
				CLANG_WARN_NON_LITERAL_NULL_CONVERSION = YES;
				CLANG_WARN_OBJC_LITERAL_CONVERSION = YES;
				CLANG_WARN_OBJC_ROOT_CLASS = YES_ERROR;
				CLANG_WARN_RANGE_LOOP_ANALYSIS = YES;
				CLANG_WARN_STRICT_PROTOTYPES = YES;
				CLANG_WARN_SUSPICIOUS_MOVE = YES;
				CLANG_WARN_UNGUARDED_AVAILABILITY = YES_AGGRESSIVE;
				CLANG_WARN_UNREACHABLE_CODE = YES;
				CLANG_WARN__DUPLICATE_METHOD_MATCH = YES;
				CODE_SIGN_IDENTITY = "iPhone Developer";
				COPY_PHASE_STRIP = NO;
				DEBUG_INFORMATION_FORMAT = "dwarf-with-dsym";
				ENABLE_NS_ASSERTIONS = NO;
				ENABLE_STRICT_OBJC_MSGSEND = YES;
				GCC_C_LANGUAGE_STANDARD = gnu11;
				GCC_NO_COMMON_BLOCKS = YES;
				GCC_WARN_64_TO_32_BIT_CONVERSION = YES;
				GCC_WARN_ABOUT_RETURN_TYPE = YES_ERROR;
				GCC_WARN_UNDECLARED_SELECTOR = YES;
				GCC_WARN_UNINITIALIZED_AUTOS = YES_AGGRESSIVE;
				GCC_WARN_UNUSED_FUNCTION = YES;
				GCC_WARN_UNUSED_VARIABLE = YES;
				IPHONEOS_DEPLOYMENT_TARGET = 11.0;
				MTL_ENABLE_DEBUG_INFO = NO;
				SDKROOT = iphoneos;
				SWIFT_OPTIMIZATION_LEVEL = "-Owholemodule";
				VALIDATE_PRODUCT = YES;
			};
			name = Release;
		};
		97614FDE1FD546DD0006ED1D /* Debug */ = {
			isa = XCBuildConfiguration;
			buildSettings = {
				ASSETCATALOG_COMPILER_APPICON_NAME = AppIcon;
				"CODE_SIGN_IDENTITY[sdk=iphoneos*]" = "iPhone Developer";
				CODE_SIGN_STYLE = Automatic;
				DEVELOPMENT_TEAM = 8TA7DKQX9G;
				INFOPLIST_FILE = SystemControllerExemple/Info.plist;
				IPHONEOS_DEPLOYMENT_TARGET = 10.0;
				LD_RUNPATH_SEARCH_PATHS = "$(inherited) @executable_path/Frameworks";
				PRODUCT_BUNDLE_IDENTIFIER = steph.SystemControllerExemple;
				PRODUCT_NAME = "$(TARGET_NAME)";
				PROVISIONING_PROFILE_SPECIFIER = "";
				SWIFT_VERSION = 4.0;
				TARGETED_DEVICE_FAMILY = "1,2";
			};
			name = Debug;
		};
		97614FDF1FD546DD0006ED1D /* Release */ = {
			isa = XCBuildConfiguration;
			buildSettings = {
				ASSETCATALOG_COMPILER_APPICON_NAME = AppIcon;
				"CODE_SIGN_IDENTITY[sdk=iphoneos*]" = "iPhone Developer";
				CODE_SIGN_STYLE = Automatic;
				DEVELOPMENT_TEAM = 8TA7DKQX9G;
				INFOPLIST_FILE = SystemControllerExemple/Info.plist;
				IPHONEOS_DEPLOYMENT_TARGET = 10.0;
				LD_RUNPATH_SEARCH_PATHS = "$(inherited) @executable_path/Frameworks";
				PRODUCT_BUNDLE_IDENTIFIER = steph.SystemControllerExemple;
				PRODUCT_NAME = "$(TARGET_NAME)";
				PROVISIONING_PROFILE_SPECIFIER = "";
				SWIFT_VERSION = 4.0;
				TARGETED_DEVICE_FAMILY = "1,2";
			};
			name = Release;
		};
/* End XCBuildConfiguration section */

/* Begin XCConfigurationList section */
		97614FC61FD546DD0006ED1D /* Build configuration list for PBXProject "SystemControllerExemple" */ = {
			isa = XCConfigurationList;
			buildConfigurations = (
				97614FDB1FD546DD0006ED1D /* Debug */,
				97614FDC1FD546DD0006ED1D /* Release */,
			);
			defaultConfigurationIsVisible = 0;
			defaultConfigurationName = Release;
		};
		97614FDD1FD546DD0006ED1D /* Build configuration list for PBXNativeTarget "SystemControllerExemple" */ = {
			isa = XCConfigurationList;
			buildConfigurations = (
				97614FDE1FD546DD0006ED1D /* Debug */,
				97614FDF1FD546DD0006ED1D /* Release */,
			);
			defaultConfigurationIsVisible = 0;
			defaultConfigurationName = Release;
		};
/* End XCConfigurationList section */
	};
	rootObject = 97614FC31FD546DD0006ED1D /* Project object */;
}
