// !$*UTF8*$!
{
	archiveVersion = 1;
	classes = {
	};
	objectVersion = 48;
	objects = {

/* Begin PBXBuildFile section */
		85600BC21FD68DF20023CA33 /* AppDelegate.swift in Sources */ = {isa = PBXBuildFile; fileRef = 85600BC11FD68DF20023CA33 /* AppDelegate.swift */; };
		85600BC41FD68DF20023CA33 /* ViewController.swift in Sources */ = {isa = PBXBuildFile; fileRef = 85600BC31FD68DF20023CA33 /* ViewController.swift */; };
		85600BC71FD68DF20023CA33 /* Main.storyboard in Resources */ = {isa = PBXBuildFile; fileRef = 85600BC51FD68DF20023CA33 /* Main.storyboard */; };
		85600BC91FD68DF20023CA33 /* Assets.xcassets in Resources */ = {isa = PBXBuildFile; fileRef = 85600BC81FD68DF20023CA33 /* Assets.xcassets */; };
		85600BCC1FD68DF20023CA33 /* LaunchScreen.storyboard in Resources */ = {isa = PBXBuildFile; fileRef = 85600BCA1FD68DF20023CA33 /* LaunchScreen.storyboard */; };
		85600BD51FD68E620023CA33 /* BaseViewController.swift in Sources */ = {isa = PBXBuildFile; fileRef = 85600BD31FD68E620023CA33 /* BaseViewController.swift */; };
		85600BD61FD68E620023CA33 /* LinkedTextField.swift in Sources */ = {isa = PBXBuildFile; fileRef = 85600BD41FD68E620023CA33 /* LinkedTextField.swift */; };
		85600BD81FD68ED00023CA33 /* ViewController.xib in Resources */ = {isa = PBXBuildFile; fileRef = 85600BD71FD68ED00023CA33 /* ViewController.xib */; };
/* End PBXBuildFile section */

/* Begin PBXFileReference section */
		85600BBE1FD68DF20023CA33 /* FormScrollView.app */ = {isa = PBXFileReference; explicitFileType = wrapper.application; includeInIndex = 0; path = FormScrollView.app; sourceTree = BUILT_PRODUCTS_DIR; };
		85600BC11FD68DF20023CA33 /* AppDelegate.swift */ = {isa = PBXFileReference; lastKnownFileType = sourcecode.swift; path = AppDelegate.swift; sourceTree = "<group>"; };
		85600BC31FD68DF20023CA33 /* ViewController.swift */ = {isa = PBXFileReference; lastKnownFileType = sourcecode.swift; path = ViewController.swift; sourceTree = "<group>"; };
		85600BC61FD68DF20023CA33 /* Base */ = {isa = PBXFileReference; lastKnownFileType = file.storyboard; name = Base; path = Base.lproj/Main.storyboard; sourceTree = "<group>"; };
		85600BC81FD68DF20023CA33 /* Assets.xcassets */ = {isa = PBXFileReference; lastKnownFileType = folder.assetcatalog; path = Assets.xcassets; sourceTree = "<group>"; };
		85600BCB1FD68DF20023CA33 /* Base */ = {isa = PBXFileReference; lastKnownFileType = file.storyboard; name = Base; path = Base.lproj/LaunchScreen.storyboard; sourceTree = "<group>"; };
		85600BCD1FD68DF20023CA33 /* Info.plist */ = {isa = PBXFileReference; lastKnownFileType = text.plist.xml; path = Info.plist; sourceTree = "<group>"; };
		85600BD31FD68E620023CA33 /* BaseViewController.swift */ = {isa = PBXFileReference; fileEncoding = 4; lastKnownFileType = sourcecode.swift; path = BaseViewController.swift; sourceTree = "<group>"; };
		85600BD41FD68E620023CA33 /* LinkedTextField.swift */ = {isa = PBXFileReference; fileEncoding = 4; lastKnownFileType = sourcecode.swift; path = LinkedTextField.swift; sourceTree = "<group>"; };
		85600BD71FD68ED00023CA33 /* ViewController.xib */ = {isa = PBXFileReference; lastKnownFileType = file.xib; path = ViewController.xib; sourceTree = "<group>"; };
/* End PBXFileReference section */

/* Begin PBXFrameworksBuildPhase section */
		85600BBB1FD68DF20023CA33 /* Frameworks */ = {
			isa = PBXFrameworksBuildPhase;
			buildActionMask = 2147483647;
			files = (
			);
			runOnlyForDeploymentPostprocessing = 0;
		};
/* End PBXFrameworksBuildPhase section */

/* Begin PBXGroup section */
		85600BB51FD68DF20023CA33 = {
			isa = PBXGroup;
			children = (
				85600BC01FD68DF20023CA33 /* FormScrollView */,
				85600BCD1FD68DF20023CA33 /* Info.plist */,
				85600BCA1FD68DF20023CA33 /* LaunchScreen.storyboard */,
				85600BC81FD68DF20023CA33 /* Assets.xcassets */,
				85600BC51FD68DF20023CA33 /* Main.storyboard */,
				85600BBF1FD68DF20023CA33 /* Products */,
			);
			sourceTree = "<group>";
		};
		85600BBF1FD68DF20023CA33 /* Products */ = {
			isa = PBXGroup;
			children = (
				85600BBE1FD68DF20023CA33 /* FormScrollView.app */,
			);
			name = Products;
			sourceTree = "<group>";
		};
		85600BC01FD68DF20023CA33 /* FormScrollView */ = {
			isa = PBXGroup;
			children = (
				85600BC11FD68DF20023CA33 /* AppDelegate.swift */,
				974DAE641FD692AC0032DB15 /* Model */,
				974DAE631FD692A20032DB15 /* View */,
				974DAE621FD6929B0032DB15 /* Controller */,
			);
			path = FormScrollView;
			sourceTree = "<group>";
		};
		974DAE621FD6929B0032DB15 /* Controller */ = {
			isa = PBXGroup;
			children = (
				85600BC31FD68DF20023CA33 /* ViewController.swift */,
				85600BD31FD68E620023CA33 /* BaseViewController.swift */,
			);
			path = Controller;
			sourceTree = "<group>";
		};
		974DAE631FD692A20032DB15 /* View */ = {
			isa = PBXGroup;
			children = (
				85600BD71FD68ED00023CA33 /* ViewController.xib */,
			);
			path = View;
			sourceTree = "<group>";
		};
		974DAE641FD692AC0032DB15 /* Model */ = {
			isa = PBXGroup;
			children = (
				85600BD41FD68E620023CA33 /* LinkedTextField.swift */,
			);
			path = Model;
			sourceTree = "<group>";
		};
/* End PBXGroup section */

/* Begin PBXNativeTarget section */
		85600BBD1FD68DF20023CA33 /* FormScrollView */ = {
			isa = PBXNativeTarget;
			buildConfigurationList = 85600BD01FD68DF20023CA33 /* Build configuration list for PBXNativeTarget "FormScrollView" */;
			buildPhases = (
				85600BBA1FD68DF20023CA33 /* Sources */,
				85600BBB1FD68DF20023CA33 /* Frameworks */,
				85600BBC1FD68DF20023CA33 /* Resources */,
			);
			buildRules = (
			);
			dependencies = (
			);
			name = FormScrollView;
			productName = FormScrollView;
			productReference = 85600BBE1FD68DF20023CA33 /* FormScrollView.app */;
			productType = "com.apple.product-type.application";
		};
/* End PBXNativeTarget section */

/* Begin PBXProject section */
		85600BB61FD68DF20023CA33 /* Project object */ = {
			isa = PBXProject;
			attributes = {
				LastSwiftUpdateCheck = 0910;
				LastUpgradeCheck = 0910;
				ORGANIZATIONNAME = Developer.Institute;
				TargetAttributes = {
					85600BBD1FD68DF20023CA33 = {
						CreatedOnToolsVersion = 9.1;
						ProvisioningStyle = Automatic;
					};
				};
			};
			buildConfigurationList = 85600BB91FD68DF20023CA33 /* Build configuration list for PBXProject "FormScrollView" */;
			compatibilityVersion = "Xcode 8.0";
			developmentRegion = en;
			hasScannedForEncodings = 0;
			knownRegions = (
				en,
				Base,
			);
			mainGroup = 85600BB51FD68DF20023CA33;
			productRefGroup = 85600BBF1FD68DF20023CA33 /* Products */;
			projectDirPath = "";
			projectRoot = "";
			targets = (
				85600BBD1FD68DF20023CA33 /* FormScrollView */,
			);
		};
/* End PBXProject section */

/* Begin PBXResourcesBuildPhase section */
		85600BBC1FD68DF20023CA33 /* Resources */ = {
			isa = PBXResourcesBuildPhase;
			buildActionMask = 2147483647;
			files = (
				85600BCC1FD68DF20023CA33 /* LaunchScreen.storyboard in Resources */,
				85600BC91FD68DF20023CA33 /* Assets.xcassets in Resources */,
				85600BD81FD68ED00023CA33 /* ViewController.xib in Resources */,
				85600BC71FD68DF20023CA33 /* Main.storyboard in Resources */,
			);
			runOnlyForDeploymentPostprocessing = 0;
		};
/* End PBXResourcesBuildPhase section */

/* Begin PBXSourcesBuildPhase section */
		85600BBA1FD68DF20023CA33 /* Sources */ = {
			isa = PBXSourcesBuildPhase;
			buildActionMask = 2147483647;
			files = (
				85600BC41FD68DF20023CA33 /* ViewController.swift in Sources */,
				85600BC21FD68DF20023CA33 /* AppDelegate.swift in Sources */,
				85600BD51FD68E620023CA33 /* BaseViewController.swift in Sources */,
				85600BD61FD68E620023CA33 /* LinkedTextField.swift in Sources */,
			);
			runOnlyForDeploymentPostprocessing = 0;
		};
/* End PBXSourcesBuildPhase section */

/* Begin PBXVariantGroup section */
		85600BC51FD68DF20023CA33 /* Main.storyboard */ = {
			isa = PBXVariantGroup;
			children = (
				85600BC61FD68DF20023CA33 /* Base */,
			);
			name = Main.storyboard;
			sourceTree = "<group>";
		};
		85600BCA1FD68DF20023CA33 /* LaunchScreen.storyboard */ = {
			isa = PBXVariantGroup;
			children = (
				85600BCB1FD68DF20023CA33 /* Base */,
			);
			name = LaunchScreen.storyboard;
			sourceTree = "<group>";
		};
/* End PBXVariantGroup section */

/* Begin XCBuildConfiguration section */
		85600BCE1FD68DF20023CA33 /* Debug */ = {
			isa = XCBuildConfiguration;
			buildSettings = {
				ALWAYS_SEARCH_USER_PATHS = NO;
				CLANG_ANALYZER_NONNULL = YES;
				CLANG_ANALYZER_NUMBER_OBJECT_CONVERSION = YES_AGGRESSIVE;
				CLANG_CXX_LANGUAGE_STANDARD = "gnu++14";
				CLANG_CXX_LIBRARY = "libc++";
				CLANG_ENABLE_MODULES = YES;
				CLANG_ENABLE_OBJC_ARC = YES;
				CLANG_WARN_BLOCK_CAPTURE_AUTORELEASING = YES;
				CLANG_WARN_BOOL_CONVERSION = YES;
				CLANG_WARN_COMMA = YES;
				CLANG_WARN_CONSTANT_CONVERSION = YES;
				CLANG_WARN_DIRECT_OBJC_ISA_USAGE = YES_ERROR;
				CLANG_WARN_DOCUMENTATION_COMMENTS = YES;
				CLANG_WARN_EMPTY_BODY = YES;
				CLANG_WARN_ENUM_CONVERSION = YES;
				CLANG_WARN_INFINITE_RECURSION = YES;
				CLANG_WARN_INT_CONVERSION = YES;
				CLANG_WARN_NON_LITERAL_NULL_CONVERSION = YES;
				CLANG_WARN_OBJC_LITERAL_CONVERSION = YES;
				CLANG_WARN_OBJC_ROOT_CLASS = YES_ERROR;
				CLANG_WARN_RANGE_LOOP_ANALYSIS = YES;
				CLANG_WARN_STRICT_PROTOTYPES = YES;
				CLANG_WARN_SUSPICIOUS_MOVE = YES;
				CLANG_WARN_UNGUARDED_AVAILABILITY = YES_AGGRESSIVE;
				CLANG_WARN_UNREACHABLE_CODE = YES;
				CLANG_WARN__DUPLICATE_METHOD_MATCH = YES;
				CODE_SIGN_IDENTITY = "iPhone Developer";
				COPY_PHASE_STRIP = NO;
				DEBUG_INFORMATION_FORMAT = dwarf;
				ENABLE_STRICT_OBJC_MSGSEND = YES;
				ENABLE_TESTABILITY = YES;
				GCC_C_LANGUAGE_STANDARD = gnu11;
				GCC_DYNAMIC_NO_PIC = NO;
				GCC_NO_COMMON_BLOCKS = YES;
				GCC_OPTIMIZATION_LEVEL = 0;
				GCC_PREPROCESSOR_DEFINITIONS = (
					"DEBUG=1",
					"$(inherited)",
				);
				GCC_WARN_64_TO_32_BIT_CONVERSION = YES;
				GCC_WARN_ABOUT_RETURN_TYPE = YES_ERROR;
				GCC_WARN_UNDECLARED_SELECTOR = YES;
				GCC_WARN_UNINITIALIZED_AUTOS = YES_AGGRESSIVE;
				GCC_WARN_UNUSED_FUNCTION = YES;
				GCC_WARN_UNUSED_VARIABLE = YES;
				IPHONEOS_DEPLOYMENT_TARGET = 11.1;
				MTL_ENABLE_DEBUG_INFO = YES;
				ONLY_ACTIVE_ARCH = YES;
				SDKROOT = iphoneos;
				SWIFT_ACTIVE_COMPILATION_CONDITIONS = DEBUG;
				SWIFT_OPTIMIZATION_LEVEL = "-Onone";
			};
			name = Debug;
		};
		85600BCF1FD68DF20023CA33 /* Release */ = {
			isa = XCBuildConfiguration;
			buildSettings = {
				ALWAYS_SEARCH_USER_PATHS = NO;
				CLANG_ANALYZER_NONNULL = YES;
				CLANG_ANALYZER_NUMBER_OBJECT_CONVERSION = YES_AGGRESSIVE;
				CLANG_CXX_LANGUAGE_STANDARD = "gnu++14";
				CLANG_CXX_LIBRARY = "libc++";
				CLANG_ENABLE_MODULES = YES;
				CLANG_ENABLE_OBJC_ARC = YES;
				CLANG_WARN_BLOCK_CAPTURE_AUTORELEASING = YES;
				CLANG_WARN_BOOL_CONVERSION = YES;
				CLANG_WARN_COMMA = YES;
				CLANG_WARN_CONSTANT_CONVERSION = YES;
				CLANG_WARN_DIRECT_OBJC_ISA_USAGE = YES_ERROR;
				CLANG_WARN_DOCUMENTATION_COMMENTS = YES;
				CLANG_WARN_EMPTY_BODY = YES;
				CLANG_WARN_ENUM_CONVERSION = YES;
				CLANG_WARN_INFINITE_RECURSION = YES;
				CLANG_WARN_INT_CONVERSION = YES;
				CLANG_WARN_NON_LITERAL_NULL_CONVERSION = YES;
				CLANG_WARN_OBJC_LITERAL_CONVERSION = YES;
				CLANG_WARN_OBJC_ROOT_CLASS = YES_ERROR;
				CLANG_WARN_RANGE_LOOP_ANALYSIS = YES;
				CLANG_WARN_STRICT_PROTOTYPES = YES;
				CLANG_WARN_SUSPICIOUS_MOVE = YES;
				CLANG_WARN_UNGUARDED_AVAILABILITY = YES_AGGRESSIVE;
				CLANG_WARN_UNREACHABLE_CODE = YES;
				CLANG_WARN__DUPLICATE_METHOD_MATCH = YES;
				CODE_SIGN_IDENTITY = "iPhone Developer";
				COPY_PHASE_STRIP = NO;
				DEBUG_INFORMATION_FORMAT = "dwarf-with-dsym";
				ENABLE_NS_ASSERTIONS = NO;
				ENABLE_STRICT_OBJC_MSGSEND = YES;
				GCC_C_LANGUAGE_STANDARD = gnu11;
				GCC_NO_COMMON_BLOCKS = YES;
				GCC_WARN_64_TO_32_BIT_CONVERSION = YES;
				GCC_WARN_ABOUT_RETURN_TYPE = YES_ERROR;
				GCC_WARN_UNDECLARED_SELECTOR = YES;
				GCC_WARN_UNINITIALIZED_AUTOS = YES_AGGRESSIVE;
				GCC_WARN_UNUSED_FUNCTION = YES;
				GCC_WARN_UNUSED_VARIABLE = YES;
				IPHONEOS_DEPLOYMENT_TARGET = 11.1;
				MTL_ENABLE_DEBUG_INFO = NO;
				SDKROOT = iphoneos;
				SWIFT_OPTIMIZATION_LEVEL = "-Owholemodule";
				VALIDATE_PRODUCT = YES;
			};
			name = Release;
		};
		85600BD11FD68DF20023CA33 /* Debug */ = {
			isa = XCBuildConfiguration;
			buildSettings = {
				ASSETCATALOG_COMPILER_APPICON_NAME = AppIcon;
				CODE_SIGN_STYLE = Automatic;
				INFOPLIST_FILE = FormScrollView/Info.plist;
				IPHONEOS_DEPLOYMENT_TARGET = 11.0;
				LD_RUNPATH_SEARCH_PATHS = "$(inherited) @executable_path/Frameworks";
				PRODUCT_BUNDLE_IDENTIFIER = Institute.developer.FormScrollView;
				PRODUCT_NAME = "$(TARGET_NAME)";
				SWIFT_VERSION = 4.0;
				TARGETED_DEVICE_FAMILY = "1,2";
			};
			name = Debug;
		};
		85600BD21FD68DF20023CA33 /* Release */ = {
			isa = XCBuildConfiguration;
			buildSettings = {
				ASSETCATALOG_COMPILER_APPICON_NAME = AppIcon;
				CODE_SIGN_STYLE = Automatic;
				INFOPLIST_FILE = FormScrollView/Info.plist;
				IPHONEOS_DEPLOYMENT_TARGET = 11.0;
				LD_RUNPATH_SEARCH_PATHS = "$(inherited) @executable_path/Frameworks";
				PRODUCT_BUNDLE_IDENTIFIER = Institute.developer.FormScrollView;
				PRODUCT_NAME = "$(TARGET_NAME)";
				SWIFT_VERSION = 4.0;
				TARGETED_DEVICE_FAMILY = "1,2";
			};
			name = Release;
		};
/* End XCBuildConfiguration section */

/* Begin XCConfigurationList section */
		85600BB91FD68DF20023CA33 /* Build configuration list for PBXProject "FormScrollView" */ = {
			isa = XCConfigurationList;
			buildConfigurations = (
				85600BCE1FD68DF20023CA33 /* Debug */,
				85600BCF1FD68DF20023CA33 /* Release */,
			);
			defaultConfigurationIsVisible = 0;
			defaultConfigurationName = Release;
		};
		85600BD01FD68DF20023CA33 /* Build configuration list for PBXNativeTarget "FormScrollView" */ = {
			isa = XCConfigurationList;
			buildConfigurations = (
				85600BD11FD68DF20023CA33 /* Debug */,
				85600BD21FD68DF20023CA33 /* Release */,
			);
			defaultConfigurationIsVisible = 0;
			defaultConfigurationName = Release;
		};
/* End XCConfigurationList section */
	};
	rootObject = 85600BB61FD68DF20023CA33 /* Project object */;
}
